PODS:
  - Nimble (10.0.0)
  - Quick (2.2.1)
  - SwiftyCalendar (0.1.0)

DEPENDENCIES:
  - Nimble (~> 10.0.0)
  - Quick (~> 2.2.0)
  - SwiftyCalendar (from `../`)

SPEC REPOS:
  trunk:
    - Nimble
    - Quick

EXTERNAL SOURCES:
  SwiftyCalendar:
    :path: "../"

SPEC CHECKSUMS:
  Nimble: 5316ef81a170ce87baf72dd961f22f89a602ff84
  Quick: f5754d69b7013f5864c29aab9ae6f0c79c5bc200
  SwiftyCalendar: 820660c5eabb8648353de59967feb6daf2a2de33

PODFILE CHECKSUM: 5842cc9b6e527be0c967208dd4b586aa19d04419

COCOAPODS: 1.11.3
